
Microsoft Visual Studio Solution File, Format Version 12.00
# Visual Studio Version 17
VisualStudioVersion = 17.11.35222.181
MinimumVisualStudioVersion = 10.0.40219.1
Project("{FAE04EC0-301F-11D3-BF4B-00C04F79EFBC}") = "CITAMEDICAMENU", "CITAMEDICAMENU\CITAMEDICAMENU.csproj", "{D9D6CC91-C7F1-4662-9A60-E0E946FE467E}"
EndProject
Global
	GlobalSection(SolutionConfigurationPlatforms) = preSolution
		Debug|Any CPU = Debug|Any CPU
		Release|Any CPU = Release|Any CPU
	EndGlobalSection
	GlobalSection(ProjectConfigurationPlatforms) = postSolution
		{D9D6CC91-C7F1-4662-9A60-E0E946FE467E}.Debug|Any CPU.ActiveCfg = Debug|Any CPU
		{D9D6CC91-C7F1-4662-9A60-E0E946FE467E}.Debug|Any CPU.Build.0 = Debug|Any CPU
		{D9D6CC91-C7F1-4662-9A60-E0E946FE467E}.Release|Any CPU.ActiveCfg = Release|Any CPU
		{D9D6CC91-C7F1-4662-9A60-E0E946FE467E}.Release|Any CPU.Build.0 = Release|Any CPU
	EndGlobalSection
	GlobalSection(SolutionProperties) = preSolution
		HideSolutionNode = FALSE
	EndGlobalSection
	GlobalSection(ExtensibilityGlobals) = postSolution
		SolutionGuid = {58E403AE-24C2-4FCE-8974-2F3F13D5369B}
	EndGlobalSection
EndGlobal
